// !$*UTF8*$!
{
	archiveVersion = 1;
	classes = {
	};
	objectVersion = 46;
	objects = {

/* Begin PBXBuildFile section */
		723A51321F2B374D00961D98 /* main.m in Sources */ = {isa = PBXBuildFile; fileRef = 723A51311F2B374D00961D98 /* main.m */; };
		72877B661F2E363500273C9E /* NSString+NumberConvenience.m in Sources */ = {isa = PBXBuildFile; fileRef = 72877B651F2E363500273C9E /* NSString+NumberConvenience.m */; };
		72877B691F2E3D2500273C9E /* TrafficDepartment.m in Sources */ = {isa = PBXBuildFile; fileRef = 72877B681F2E3D2500273C9E /* TrafficDepartment.m */; };
		72877B721F2EBBE700273C9E /* Car.m in Sources */ = {isa = PBXBuildFile; fileRef = 72877B711F2EBBE700273C9E /* Car.m */; };
		72877B781F2EBCE800273C9E /* Engine.m in Sources */ = {isa = PBXBuildFile; fileRef = 72877B771F2EBCE800273C9E /* Engine.m */; };
		72877B7B1F2EBCFD00273C9E /* Tire.m in Sources */ = {isa = PBXBuildFile; fileRef = 72877B7A1F2EBCFD00273C9E /* Tire.m */; };
/* End PBXBuildFile section */

/* Begin PBXCopyFilesBuildPhase section */
		723A512C1F2B374D00961D98 /* CopyFiles */ = {
			isa = PBXCopyFilesBuildPhase;
			buildActionMask = 2147483647;
			dstPath = /usr/share/man/man1/;
			dstSubfolderSpec = 0;
			files = (
			);
			runOnlyForDeploymentPostprocessing = 1;
		};
/* End PBXCopyFilesBuildPhase section */

/* Begin PBXFileReference section */
		723A512E1F2B374D00961D98 /* oc_bestpratice */ = {isa = PBXFileReference; explicitFileType = "compiled.mach-o.executable"; includeInIndex = 0; path = oc_bestpratice; sourceTree = BUILT_PRODUCTS_DIR; };
		723A51311F2B374D00961D98 /* main.m */ = {isa = PBXFileReference; lastKnownFileType = sourcecode.c.objc; path = main.m; sourceTree = "<group>"; };
		72877B641F2E363500273C9E /* NSString+NumberConvenience.h */ = {isa = PBXFileReference; fileEncoding = 4; lastKnownFileType = sourcecode.c.h; path = "NSString+NumberConvenience.h"; sourceTree = "<group>"; };
		72877B651F2E363500273C9E /* NSString+NumberConvenience.m */ = {isa = PBXFileReference; fileEncoding = 4; lastKnownFileType = sourcecode.c.objc; path = "NSString+NumberConvenience.m"; sourceTree = "<group>"; };
		72877B671F2E3D2500273C9E /* TrafficDepartment.h */ = {isa = PBXFileReference; fileEncoding = 4; lastKnownFileType = sourcecode.c.h; path = TrafficDepartment.h; sourceTree = "<group>"; };
		72877B681F2E3D2500273C9E /* TrafficDepartment.m */ = {isa = PBXFileReference; fileEncoding = 4; lastKnownFileType = sourcecode.c.objc; path = TrafficDepartment.m; sourceTree = "<group>"; };
		72877B6D1F2E3E0900273C9E /* Vehicle.h */ = {isa = PBXFileReference; fileEncoding = 4; lastKnownFileType = sourcecode.c.h; path = Vehicle.h; sourceTree = "<group>"; };
		72877B701F2EBBE700273C9E /* Car.h */ = {isa = PBXFileReference; fileEncoding = 4; lastKnownFileType = sourcecode.c.h; path = Car.h; sourceTree = "<group>"; };
		72877B711F2EBBE700273C9E /* Car.m */ = {isa = PBXFileReference; fileEncoding = 4; lastKnownFileType = sourcecode.c.objc; path = Car.m; sourceTree = "<group>"; };
		72877B731F2EBC5800273C9E /* PolutionSource.h */ = {isa = PBXFileReference; fileEncoding = 4; lastKnownFileType = sourcecode.c.h; path = PolutionSource.h; sourceTree = "<group>"; };
		72877B761F2EBCE800273C9E /* Engine.h */ = {isa = PBXFileReference; fileEncoding = 4; lastKnownFileType = sourcecode.c.h; path = Engine.h; sourceTree = "<group>"; };
		72877B771F2EBCE800273C9E /* Engine.m */ = {isa = PBXFileReference; fileEncoding = 4; lastKnownFileType = sourcecode.c.objc; path = Engine.m; sourceTree = "<group>"; };
		72877B791F2EBCFD00273C9E /* Tire.h */ = {isa = PBXFileReference; fileEncoding = 4; lastKnownFileType = sourcecode.c.h; path = Tire.h; sourceTree = "<group>"; };
		72877B7A1F2EBCFD00273C9E /* Tire.m */ = {isa = PBXFileReference; fileEncoding = 4; lastKnownFileType = sourcecode.c.objc; path = Tire.m; sourceTree = "<group>"; };
/* End PBXFileReference section */

/* Begin PBXFrameworksBuildPhase section */
		723A512B1F2B374D00961D98 /* Frameworks */ = {
			isa = PBXFrameworksBuildPhase;
			buildActionMask = 2147483647;
			files = (
			);
			runOnlyForDeploymentPostprocessing = 0;
		};
/* End PBXFrameworksBuildPhase section */

/* Begin PBXGroup section */
		723A51251F2B374D00961D98 = {
			isa = PBXGroup;
			children = (
				723A51301F2B374D00961D98 /* oc_bestpratice */,
				723A512F1F2B374D00961D98 /* Products */,
			);
			sourceTree = "<group>";
		};
		723A512F1F2B374D00961D98 /* Products */ = {
			isa = PBXGroup;
			children = (
				723A512E1F2B374D00961D98 /* oc_bestpratice */,
			);
			name = Products;
			sourceTree = "<group>";
		};
		723A51301F2B374D00961D98 /* oc_bestpratice */ = {
			isa = PBXGroup;
			children = (
				723A51311F2B374D00961D98 /* main.m */,
				72877B641F2E363500273C9E /* NSString+NumberConvenience.h */,
				72877B651F2E363500273C9E /* NSString+NumberConvenience.m */,
				72877B671F2E3D2500273C9E /* TrafficDepartment.h */,
				72877B681F2E3D2500273C9E /* TrafficDepartment.m */,
				72877B6D1F2E3E0900273C9E /* Vehicle.h */,
				72877B701F2EBBE700273C9E /* Car.h */,
				72877B711F2EBBE700273C9E /* Car.m */,
				72877B731F2EBC5800273C9E /* PolutionSource.h */,
				72877B761F2EBCE800273C9E /* Engine.h */,
				72877B771F2EBCE800273C9E /* Engine.m */,
				72877B791F2EBCFD00273C9E /* Tire.h */,
				72877B7A1F2EBCFD00273C9E /* Tire.m */,
			);
			path = oc_bestpratice;
			sourceTree = "<group>";
		};
/* End PBXGroup section */

/* Begin PBXNativeTarget section */
		723A512D1F2B374D00961D98 /* oc_bestpratice */ = {
			isa = PBXNativeTarget;
			buildConfigurationList = 723A51351F2B374D00961D98 /* Build configuration list for PBXNativeTarget "oc_bestpratice" */;
			buildPhases = (
				723A512A1F2B374D00961D98 /* Sources */,
				723A512B1F2B374D00961D98 /* Frameworks */,
				723A512C1F2B374D00961D98 /* CopyFiles */,
			);
			buildRules = (
			);
			dependencies = (
			);
			name = oc_bestpratice;
			productName = oc_bestpratice;
			productReference = 723A512E1F2B374D00961D98 /* oc_bestpratice */;
			productType = "com.apple.product-type.tool";
		};
/* End PBXNativeTarget section */

/* Begin PBXProject section */
		723A51261F2B374D00961D98 /* Project object */ = {
			isa = PBXProject;
			attributes = {
				LastUpgradeCheck = 0830;
				ORGANIZATIONNAME = "印书勋";
				TargetAttributes = {
					723A512D1F2B374D00961D98 = {
						CreatedOnToolsVersion = 8.3.3;
						DevelopmentTeam = 4BG29N68B3;
						ProvisioningStyle = Automatic;
					};
				};
			};
			buildConfigurationList = 723A51291F2B374D00961D98 /* Build configuration list for PBXProject "oc_bestpratice" */;
			compatibilityVersion = "Xcode 3.2";
			developmentRegion = English;
			hasScannedForEncodings = 0;
			knownRegions = (
				en,
			);
			mainGroup = 723A51251F2B374D00961D98;
			productRefGroup = 723A512F1F2B374D00961D98 /* Products */;
			projectDirPath = "";
			projectRoot = "";
			targets = (
				723A512D1F2B374D00961D98 /* oc_bestpratice */,
			);
		};
/* End PBXProject section */

/* Begin PBXSourcesBuildPhase section */
		723A512A1F2B374D00961D98 /* Sources */ = {
			isa = PBXSourcesBuildPhase;
			buildActionMask = 2147483647;
			files = (
				72877B7B1F2EBCFD00273C9E /* Tire.m in Sources */,
				72877B691F2E3D2500273C9E /* TrafficDepartment.m in Sources */,
				72877B661F2E363500273C9E /* NSString+NumberConvenience.m in Sources */,
				72877B721F2EBBE700273C9E /* Car.m in Sources */,
				723A51321F2B374D00961D98 /* main.m in Sources */,
				72877B781F2EBCE800273C9E /* Engine.m in Sources */,
			);
			runOnlyForDeploymentPostprocessing = 0;
		};
/* End PBXSourcesBuildPhase section */

/* Begin XCBuildConfiguration section */
		723A51331F2B374D00961D98 /* Debug */ = {
			isa = XCBuildConfiguration;
			buildSettings = {
				ALWAYS_SEARCH_USER_PATHS = NO;
				CLANG_ANALYZER_NONNULL = YES;
				CLANG_ANALYZER_NUMBER_OBJECT_CONVERSION = YES_AGGRESSIVE;
				CLANG_CXX_LANGUAGE_STANDARD = "gnu++0x";
				CLANG_CXX_LIBRARY = "libc++";
				CLANG_ENABLE_MODULES = YES;
				CLANG_ENABLE_OBJC_ARC = YES;
				CLANG_WARN_BOOL_CONVERSION = YES;
				CLANG_WARN_CONSTANT_CONVERSION = YES;
				CLANG_WARN_DIRECT_OBJC_ISA_USAGE = YES_ERROR;
				CLANG_WARN_DOCUMENTATION_COMMENTS = YES;
				CLANG_WARN_EMPTY_BODY = YES;
				CLANG_WARN_ENUM_CONVERSION = YES;
				CLANG_WARN_INFINITE_RECURSION = YES;
				CLANG_WARN_INT_CONVERSION = YES;
				CLANG_WARN_OBJC_ROOT_CLASS = YES_ERROR;
				CLANG_WARN_SUSPICIOUS_MOVE = YES;
				CLANG_WARN_UNREACHABLE_CODE = YES;
				CLANG_WARN__DUPLICATE_METHOD_MATCH = YES;
				CODE_SIGN_IDENTITY = "-";
				COPY_PHASE_STRIP = NO;
				DEBUG_INFORMATION_FORMAT = dwarf;
				ENABLE_STRICT_OBJC_MSGSEND = YES;
				ENABLE_TESTABILITY = YES;
				GCC_C_LANGUAGE_STANDARD = gnu99;
				GCC_DYNAMIC_NO_PIC = NO;
				GCC_NO_COMMON_BLOCKS = YES;
				GCC_OPTIMIZATION_LEVEL = 0;
				GCC_PREPROCESSOR_DEFINITIONS = (
					"DEBUG=1",
					"$(inherited)",
				);
				GCC_WARN_64_TO_32_BIT_CONVERSION = YES;
				GCC_WARN_ABOUT_RETURN_TYPE = YES_ERROR;
				GCC_WARN_UNDECLARED_SELECTOR = YES;
				GCC_WARN_UNINITIALIZED_AUTOS = YES_AGGRESSIVE;
				GCC_WARN_UNUSED_FUNCTION = YES;
				GCC_WARN_UNUSED_VARIABLE = YES;
				MACOSX_DEPLOYMENT_TARGET = 10.12;
				MTL_ENABLE_DEBUG_INFO = YES;
				ONLY_ACTIVE_ARCH = YES;
				SDKROOT = macosx;
			};
			name = Debug;
		};
		723A51341F2B374D00961D98 /* Release */ = {
			isa = XCBuildConfiguration;
			buildSettings = {
				ALWAYS_SEARCH_USER_PATHS = NO;
				CLANG_ANALYZER_NONNULL = YES;
				CLANG_ANALYZER_NUMBER_OBJECT_CONVERSION = YES_AGGRESSIVE;
				CLANG_CXX_LANGUAGE_STANDARD = "gnu++0x";
				CLANG_CXX_LIBRARY = "libc++";
				CLANG_ENABLE_MODULES = YES;
				CLANG_ENABLE_OBJC_ARC = YES;
				CLANG_WARN_BOOL_CONVERSION = YES;
				CLANG_WARN_CONSTANT_CONVERSION = YES;
				CLANG_WARN_DIRECT_OBJC_ISA_USAGE = YES_ERROR;
				CLANG_WARN_DOCUMENTATION_COMMENTS = YES;
				CLANG_WARN_EMPTY_BODY = YES;
				CLANG_WARN_ENUM_CONVERSION = YES;
				CLANG_WARN_INFINITE_RECURSION = YES;
				CLANG_WARN_INT_CONVERSION = YES;
				CLANG_WARN_OBJC_ROOT_CLASS = YES_ERROR;
				CLANG_WARN_SUSPICIOUS_MOVE = YES;
				CLANG_WARN_UNREACHABLE_CODE = YES;
				CLANG_WARN__DUPLICATE_METHOD_MATCH = YES;
				CODE_SIGN_IDENTITY = "-";
				COPY_PHASE_STRIP = NO;
				DEBUG_INFORMATION_FORMAT = "dwarf-with-dsym";
				ENABLE_NS_ASSERTIONS = NO;
				ENABLE_STRICT_OBJC_MSGSEND = YES;
				GCC_C_LANGUAGE_STANDARD = gnu99;
				GCC_NO_COMMON_BLOCKS = YES;
				GCC_WARN_64_TO_32_BIT_CONVERSION = YES;
				GCC_WARN_ABOUT_RETURN_TYPE = YES_ERROR;
				GCC_WARN_UNDECLARED_SELECTOR = YES;
				GCC_WARN_UNINITIALIZED_AUTOS = YES_AGGRESSIVE;
				GCC_WARN_UNUSED_FUNCTION = YES;
				GCC_WARN_UNUSED_VARIABLE = YES;
				MACOSX_DEPLOYMENT_TARGET = 10.12;
				MTL_ENABLE_DEBUG_INFO = NO;
				SDKROOT = macosx;
			};
			name = Release;
		};
		723A51361F2B374D00961D98 /* Debug */ = {
			isa = XCBuildConfiguration;
			buildSettings = {
				DEVELOPMENT_TEAM = 4BG29N68B3;
				PRODUCT_NAME = "$(TARGET_NAME)";
			};
			name = Debug;
		};
		723A51371F2B374D00961D98 /* Release */ = {
			isa = XCBuildConfiguration;
			buildSettings = {
				DEVELOPMENT_TEAM = 4BG29N68B3;
				PRODUCT_NAME = "$(TARGET_NAME)";
			};
			name = Release;
		};
/* End XCBuildConfiguration section */

/* Begin XCConfigurationList section */
		723A51291F2B374D00961D98 /* Build configuration list for PBXProject "oc_bestpratice" */ = {
			isa = XCConfigurationList;
			buildConfigurations = (
				723A51331F2B374D00961D98 /* Debug */,
				723A51341F2B374D00961D98 /* Release */,
			);
			defaultConfigurationIsVisible = 0;
			defaultConfigurationName = Release;
		};
		723A51351F2B374D00961D98 /* Build configuration list for PBXNativeTarget "oc_bestpratice" */ = {
			isa = XCConfigurationList;
			buildConfigurations = (
				723A51361F2B374D00961D98 /* Debug */,
				723A51371F2B374D00961D98 /* Release */,
			);
			defaultConfigurationIsVisible = 0;
			defaultConfigurationName = Release;
		};
/* End XCConfigurationList section */
	};
	rootObject = 723A51261F2B374D00961D98 /* Project object */;
}
